// !$*UTF8*$!
{
	archiveVersion = 1;
	classes = {
	};
	objectVersion = 55;
	objects = {

/* Begin PBXBuildFile section */
		205D712027C94C8500294306 /* AppDelegate.swift in Sources */ = {isa = PBXBuildFile; fileRef = 205D711F27C94C8500294306 /* AppDelegate.swift */; };
		205D712227C94C8500294306 /* SceneDelegate.swift in Sources */ = {isa = PBXBuildFile; fileRef = 205D712127C94C8500294306 /* SceneDelegate.swift */; };
		205D712427C94C8500294306 /* ViewController.swift in Sources */ = {isa = PBXBuildFile; fileRef = 205D712327C94C8500294306 /* ViewController.swift */; };
		205D712727C94C8500294306 /* Main.storyboard in Resources */ = {isa = PBXBuildFile; fileRef = 205D712527C94C8500294306 /* Main.storyboard */; };
		205D712927C94C8700294306 /* Assets.xcassets in Resources */ = {isa = PBXBuildFile; fileRef = 205D712827C94C8700294306 /* Assets.xcassets */; };
		205D712C27C94C8700294306 /* LaunchScreen.storyboard in Resources */ = {isa = PBXBuildFile; fileRef = 205D712A27C94C8700294306 /* LaunchScreen.storyboard */; };
		205D713727C94C8700294306 /* FlixPart1_37_Jiamin_ShiTests.swift in Sources */ = {isa = PBXBuildFile; fileRef = 205D713627C94C8700294306 /* FlixPart1_37_Jiamin_ShiTests.swift */; };
		205D714127C94C8700294306 /* FlixPart1_37_Jiamin_ShiUITests.swift in Sources */ = {isa = PBXBuildFile; fileRef = 205D714027C94C8700294306 /* FlixPart1_37_Jiamin_ShiUITests.swift */; };
		205D714327C94C8700294306 /* FlixPart1_37_Jiamin_ShiUITestsLaunchTests.swift in Sources */ = {isa = PBXBuildFile; fileRef = 205D714227C94C8700294306 /* FlixPart1_37_Jiamin_ShiUITestsLaunchTests.swift */; };
		205D715027C95E9200294306 /* MoviesViewController.swift in Sources */ = {isa = PBXBuildFile; fileRef = 205D714F27C95E9200294306 /* MoviesViewController.swift */; };
		205D715227C96B7600294306 /* MovieCell.swift in Sources */ = {isa = PBXBuildFile; fileRef = 205D715127C96B7600294306 /* MovieCell.swift */; };
		205D715527C973CA00294306 /* AlamofireImage in Frameworks */ = {isa = PBXBuildFile; productRef = 205D715427C973CA00294306 /* AlamofireImage */; };
		205D715727D29E4400294306 /* MovieDetailsViewController.swift in Sources */ = {isa = PBXBuildFile; fileRef = 205D715627D29E4400294306 /* MovieDetailsViewController.swift */; };
		205D715927D2AD2C00294306 /* MovieGridViewController.swift in Sources */ = {isa = PBXBuildFile; fileRef = 205D715827D2AD2C00294306 /* MovieGridViewController.swift */; };
		205D715B27D2B68500294306 /* MovieGridCell.swift in Sources */ = {isa = PBXBuildFile; fileRef = 205D715A27D2B68500294306 /* MovieGridCell.swift */; };
		45373F90A0B79862EF710EA2 /* Pods_FlixPart1_37_Jiamin_Shi_FlixPart1_37_Jiamin_ShiUITests.framework in Frameworks */ = {isa = PBXBuildFile; fileRef = 817BDBE5566D45D929F86819 /* Pods_FlixPart1_37_Jiamin_Shi_FlixPart1_37_Jiamin_ShiUITests.framework */; };
		DB47BAF2F505D7C640E39F4A /* Pods_FlixPart1_37_Jiamin_Shi.framework in Frameworks */ = {isa = PBXBuildFile; fileRef = 149EF86B2BC69CF2AAC2C673 /* Pods_FlixPart1_37_Jiamin_Shi.framework */; };
		FDA5AB41F3391A9151DAEC28 /* Pods_FlixPart1_37_Jiamin_ShiTests.framework in Frameworks */ = {isa = PBXBuildFile; fileRef = F3D573C92256CDDBFE938C76 /* Pods_FlixPart1_37_Jiamin_ShiTests.framework */; };
/* End PBXBuildFile section */

/* Begin PBXContainerItemProxy section */
		205D713327C94C8700294306 /* PBXContainerItemProxy */ = {
			isa = PBXContainerItemProxy;
			containerPortal = 205D711427C94C8500294306 /* Project object */;
			proxyType = 1;
			remoteGlobalIDString = 205D711B27C94C8500294306;
			remoteInfo = "FlixPart1-37-Jiamin Shi";
		};
		205D713D27C94C8700294306 /* PBXContainerItemProxy */ = {
			isa = PBXContainerItemProxy;
			containerPortal = 205D711427C94C8500294306 /* Project object */;
			proxyType = 1;
			remoteGlobalIDString = 205D711B27C94C8500294306;
			remoteInfo = "FlixPart1-37-Jiamin Shi";
		};
/* End PBXContainerItemProxy section */

/* Begin PBXFileReference section */
		00A14B9F4C4F3EE21A0BD790 /* Pods-FlixPart1-37-Jiamin ShiTests.debug.xcconfig */ = {isa = PBXFileReference; includeInIndex = 1; lastKnownFileType = text.xcconfig; name = "Pods-FlixPart1-37-Jiamin ShiTests.debug.xcconfig"; path = "Target Support Files/Pods-FlixPart1-37-Jiamin ShiTests/Pods-FlixPart1-37-Jiamin ShiTests.debug.xcconfig"; sourceTree = "<group>"; };
		149EF86B2BC69CF2AAC2C673 /* Pods_FlixPart1_37_Jiamin_Shi.framework */ = {isa = PBXFileReference; explicitFileType = wrapper.framework; includeInIndex = 0; path = Pods_FlixPart1_37_Jiamin_Shi.framework; sourceTree = BUILT_PRODUCTS_DIR; };
		205D711C27C94C8500294306 /* FlixPart1-37-Jiamin Shi.app */ = {isa = PBXFileReference; explicitFileType = wrapper.application; includeInIndex = 0; path = "FlixPart1-37-Jiamin Shi.app"; sourceTree = BUILT_PRODUCTS_DIR; };
		205D711F27C94C8500294306 /* AppDelegate.swift */ = {isa = PBXFileReference; lastKnownFileType = sourcecode.swift; path = AppDelegate.swift; sourceTree = "<group>"; };
		205D712127C94C8500294306 /* SceneDelegate.swift */ = {isa = PBXFileReference; lastKnownFileType = sourcecode.swift; path = SceneDelegate.swift; sourceTree = "<group>"; };
		205D712327C94C8500294306 /* ViewController.swift */ = {isa = PBXFileReference; lastKnownFileType = sourcecode.swift; path = ViewController.swift; sourceTree = "<group>"; };
		205D712627C94C8500294306 /* Base */ = {isa = PBXFileReference; lastKnownFileType = file.storyboard; name = Base; path = Base.lproj/Main.storyboard; sourceTree = "<group>"; };
		205D712827C94C8700294306 /* Assets.xcassets */ = {isa = PBXFileReference; lastKnownFileType = folder.assetcatalog; path = Assets.xcassets; sourceTree = "<group>"; };
		205D712B27C94C8700294306 /* Base */ = {isa = PBXFileReference; lastKnownFileType = file.storyboard; name = Base; path = Base.lproj/LaunchScreen.storyboard; sourceTree = "<group>"; };
		205D712D27C94C8700294306 /* Info.plist */ = {isa = PBXFileReference; lastKnownFileType = text.plist.xml; path = Info.plist; sourceTree = "<group>"; };
		205D713227C94C8700294306 /* FlixPart1-37-Jiamin ShiTests.xctest */ = {isa = PBXFileReference; explicitFileType = wrapper.cfbundle; includeInIndex = 0; path = "FlixPart1-37-Jiamin ShiTests.xctest"; sourceTree = BUILT_PRODUCTS_DIR; };
		205D713627C94C8700294306 /* FlixPart1_37_Jiamin_ShiTests.swift */ = {isa = PBXFileReference; lastKnownFileType = sourcecode.swift; path = FlixPart1_37_Jiamin_ShiTests.swift; sourceTree = "<group>"; };
		205D713C27C94C8700294306 /* FlixPart1-37-Jiamin ShiUITests.xctest */ = {isa = PBXFileReference; explicitFileType = wrapper.cfbundle; includeInIndex = 0; path = "FlixPart1-37-Jiamin ShiUITests.xctest"; sourceTree = BUILT_PRODUCTS_DIR; };
		205D714027C94C8700294306 /* FlixPart1_37_Jiamin_ShiUITests.swift */ = {isa = PBXFileReference; lastKnownFileType = sourcecode.swift; path = FlixPart1_37_Jiamin_ShiUITests.swift; sourceTree = "<group>"; };
		205D714227C94C8700294306 /* FlixPart1_37_Jiamin_ShiUITestsLaunchTests.swift */ = {isa = PBXFileReference; lastKnownFileType = sourcecode.swift; path = FlixPart1_37_Jiamin_ShiUITestsLaunchTests.swift; sourceTree = "<group>"; };
		205D714F27C95E9200294306 /* MoviesViewController.swift */ = {isa = PBXFileReference; lastKnownFileType = sourcecode.swift; path = MoviesViewController.swift; sourceTree = "<group>"; };
		205D715127C96B7600294306 /* MovieCell.swift */ = {isa = PBXFileReference; lastKnownFileType = sourcecode.swift; path = MovieCell.swift; sourceTree = "<group>"; };
		205D715627D29E4400294306 /* MovieDetailsViewController.swift */ = {isa = PBXFileReference; lastKnownFileType = sourcecode.swift; path = MovieDetailsViewController.swift; sourceTree = "<group>"; };
		205D715827D2AD2C00294306 /* MovieGridViewController.swift */ = {isa = PBXFileReference; lastKnownFileType = sourcecode.swift; path = MovieGridViewController.swift; sourceTree = "<group>"; };
		205D715A27D2B68500294306 /* MovieGridCell.swift */ = {isa = PBXFileReference; lastKnownFileType = sourcecode.swift; path = MovieGridCell.swift; sourceTree = "<group>"; };
		319F38A2C49922F10DCE775F /* Pods-FlixPart1-37-Jiamin Shi-FlixPart1-37-Jiamin ShiUITests.debug.xcconfig */ = {isa = PBXFileReference; includeInIndex = 1; lastKnownFileType = text.xcconfig; name = "Pods-FlixPart1-37-Jiamin Shi-FlixPart1-37-Jiamin ShiUITests.debug.xcconfig"; path = "Target Support Files/Pods-FlixPart1-37-Jiamin Shi-FlixPart1-37-Jiamin ShiUITests/Pods-FlixPart1-37-Jiamin Shi-FlixPart1-37-Jiamin ShiUITests.debug.xcconfig"; sourceTree = "<group>"; };
		4C70216067F39B8E443C976C /* Pods-FlixPart1-37-Jiamin Shi.release.xcconfig */ = {isa = PBXFileReference; includeInIndex = 1; lastKnownFileType = text.xcconfig; name = "Pods-FlixPart1-37-Jiamin Shi.release.xcconfig"; path = "Target Support Files/Pods-FlixPart1-37-Jiamin Shi/Pods-FlixPart1-37-Jiamin Shi.release.xcconfig"; sourceTree = "<group>"; };
		817BDBE5566D45D929F86819 /* Pods_FlixPart1_37_Jiamin_Shi_FlixPart1_37_Jiamin_ShiUITests.framework */ = {isa = PBXFileReference; explicitFileType = wrapper.framework; includeInIndex = 0; path = Pods_FlixPart1_37_Jiamin_Shi_FlixPart1_37_Jiamin_ShiUITests.framework; sourceTree = BUILT_PRODUCTS_DIR; };
		9E463A3C02E03F925F8D2A85 /* Pods-FlixPart1-37-Jiamin Shi-FlixPart1-37-Jiamin ShiUITests.release.xcconfig */ = {isa = PBXFileReference; includeInIndex = 1; lastKnownFileType = text.xcconfig; name = "Pods-FlixPart1-37-Jiamin Shi-FlixPart1-37-Jiamin ShiUITests.release.xcconfig"; path = "Target Support Files/Pods-FlixPart1-37-Jiamin Shi-FlixPart1-37-Jiamin ShiUITests/Pods-FlixPart1-37-Jiamin Shi-FlixPart1-37-Jiamin ShiUITests.release.xcconfig"; sourceTree = "<group>"; };
		A66EC7C1CC2BC747485A0398 /* Pods-FlixPart1-37-Jiamin ShiTests.release.xcconfig */ = {isa = PBXFileReference; includeInIndex = 1; lastKnownFileType = text.xcconfig; name = "Pods-FlixPart1-37-Jiamin ShiTests.release.xcconfig"; path = "Target Support Files/Pods-FlixPart1-37-Jiamin ShiTests/Pods-FlixPart1-37-Jiamin ShiTests.release.xcconfig"; sourceTree = "<group>"; };
		C3A8A7B981780A464D1B6941 /* Pods-FlixPart1-37-Jiamin Shi.debug.xcconfig */ = {isa = PBXFileReference; includeInIndex = 1; lastKnownFileType = text.xcconfig; name = "Pods-FlixPart1-37-Jiamin Shi.debug.xcconfig"; path = "Target Support Files/Pods-FlixPart1-37-Jiamin Shi/Pods-FlixPart1-37-Jiamin Shi.debug.xcconfig"; sourceTree = "<group>"; };
		F3D573C92256CDDBFE938C76 /* Pods_FlixPart1_37_Jiamin_ShiTests.framework */ = {isa = PBXFileReference; explicitFileType = wrapper.framework; includeInIndex = 0; path = Pods_FlixPart1_37_Jiamin_ShiTests.framework; sourceTree = BUILT_PRODUCTS_DIR; };
/* End PBXFileReference section */

/* Begin PBXFrameworksBuildPhase section */
		205D711927C94C8500294306 /* Frameworks */ = {
			isa = PBXFrameworksBuildPhase;
			buildActionMask = 2147483647;
			files = (
				205D715527C973CA00294306 /* AlamofireImage in Frameworks */,
				DB47BAF2F505D7C640E39F4A /* Pods_FlixPart1_37_Jiamin_Shi.framework in Frameworks */,
			);
			runOnlyForDeploymentPostprocessing = 0;
		};
		205D712F27C94C8700294306 /* Frameworks */ = {
			isa = PBXFrameworksBuildPhase;
			buildActionMask = 2147483647;
			files = (
				FDA5AB41F3391A9151DAEC28 /* Pods_FlixPart1_37_Jiamin_ShiTests.framework in Frameworks */,
			);
			runOnlyForDeploymentPostprocessing = 0;
		};
		205D713927C94C8700294306 /* Frameworks */ = {
			isa = PBXFrameworksBuildPhase;
			buildActionMask = 2147483647;
			files = (
				45373F90A0B79862EF710EA2 /* Pods_FlixPart1_37_Jiamin_Shi_FlixPart1_37_Jiamin_ShiUITests.framework in Frameworks */,
			);
			runOnlyForDeploymentPostprocessing = 0;
		};
/* End PBXFrameworksBuildPhase section */

/* Begin PBXGroup section */
		205D711327C94C8500294306 = {
			isa = PBXGroup;
			children = (
				205D711E27C94C8500294306 /* FlixPart1-37-Jiamin Shi */,
				205D713527C94C8700294306 /* FlixPart1-37-Jiamin ShiTests */,
				205D713F27C94C8700294306 /* FlixPart1-37-Jiamin ShiUITests */,
				205D711D27C94C8500294306 /* Products */,
				AF0E5F8ADAC5312F13117DBE /* Pods */,
				538F3B231022089A02461958 /* Frameworks */,
			);
			sourceTree = "<group>";
		};
		205D711D27C94C8500294306 /* Products */ = {
			isa = PBXGroup;
			children = (
				205D711C27C94C8500294306 /* FlixPart1-37-Jiamin Shi.app */,
				205D713227C94C8700294306 /* FlixPart1-37-Jiamin ShiTests.xctest */,
				205D713C27C94C8700294306 /* FlixPart1-37-Jiamin ShiUITests.xctest */,
			);
			name = Products;
			sourceTree = "<group>";
		};
		205D711E27C94C8500294306 /* FlixPart1-37-Jiamin Shi */ = {
			isa = PBXGroup;
			children = (
				205D711F27C94C8500294306 /* AppDelegate.swift */,
				205D712127C94C8500294306 /* SceneDelegate.swift */,
				205D712327C94C8500294306 /* ViewController.swift */,
				205D712527C94C8500294306 /* Main.storyboard */,
				205D715A27D2B68500294306 /* MovieGridCell.swift */,
				205D715827D2AD2C00294306 /* MovieGridViewController.swift */,
				205D712827C94C8700294306 /* Assets.xcassets */,
				205D712A27C94C8700294306 /* LaunchScreen.storyboard */,
				205D712D27C94C8700294306 /* Info.plist */,
				205D714F27C95E9200294306 /* MoviesViewController.swift */,
				205D715127C96B7600294306 /* MovieCell.swift */,
				205D715627D29E4400294306 /* MovieDetailsViewController.swift */,
			);
			path = "FlixPart1-37-Jiamin Shi";
			sourceTree = "<group>";
		};
		205D713527C94C8700294306 /* FlixPart1-37-Jiamin ShiTests */ = {
			isa = PBXGroup;
			children = (
				205D713627C94C8700294306 /* FlixPart1_37_Jiamin_ShiTests.swift */,
			);
			path = "FlixPart1-37-Jiamin ShiTests";
			sourceTree = "<group>";
		};
		205D713F27C94C8700294306 /* FlixPart1-37-Jiamin ShiUITests */ = {
			isa = PBXGroup;
			children = (
				205D714027C94C8700294306 /* FlixPart1_37_Jiamin_ShiUITests.swift */,
				205D714227C94C8700294306 /* FlixPart1_37_Jiamin_ShiUITestsLaunchTests.swift */,
			);
			path = "FlixPart1-37-Jiamin ShiUITests";
			sourceTree = "<group>";
		};
		538F3B231022089A02461958 /* Frameworks */ = {
			isa = PBXGroup;
			children = (
				149EF86B2BC69CF2AAC2C673 /* Pods_FlixPart1_37_Jiamin_Shi.framework */,
				817BDBE5566D45D929F86819 /* Pods_FlixPart1_37_Jiamin_Shi_FlixPart1_37_Jiamin_ShiUITests.framework */,
				F3D573C92256CDDBFE938C76 /* Pods_FlixPart1_37_Jiamin_ShiTests.framework */,
			);
			name = Frameworks;
			sourceTree = "<group>";
		};
		AF0E5F8ADAC5312F13117DBE /* Pods */ = {
			isa = PBXGroup;
			children = (
				C3A8A7B981780A464D1B6941 /* Pods-FlixPart1-37-Jiamin Shi.debug.xcconfig */,
				4C70216067F39B8E443C976C /* Pods-FlixPart1-37-Jiamin Shi.release.xcconfig */,
				319F38A2C49922F10DCE775F /* Pods-FlixPart1-37-Jiamin Shi-FlixPart1-37-Jiamin ShiUITests.debug.xcconfig */,
				9E463A3C02E03F925F8D2A85 /* Pods-FlixPart1-37-Jiamin Shi-FlixPart1-37-Jiamin ShiUITests.release.xcconfig */,
				00A14B9F4C4F3EE21A0BD790 /* Pods-FlixPart1-37-Jiamin ShiTests.debug.xcconfig */,
				A66EC7C1CC2BC747485A0398 /* Pods-FlixPart1-37-Jiamin ShiTests.release.xcconfig */,
			);
			path = Pods;
			sourceTree = "<group>";
		};
/* End PBXGroup section */

/* Begin PBXNativeTarget section */
		205D711B27C94C8500294306 /* FlixPart1-37-Jiamin Shi */ = {
			isa = PBXNativeTarget;
			buildConfigurationList = 205D714627C94C8700294306 /* Build configuration list for PBXNativeTarget "FlixPart1-37-Jiamin Shi" */;
			buildPhases = (
				57D27335003564BA0D9C057D /* [CP] Check Pods Manifest.lock */,
				205D711827C94C8500294306 /* Sources */,
				205D711927C94C8500294306 /* Frameworks */,
				205D711A27C94C8500294306 /* Resources */,
				81372041A34BBB796BF0D5DB /* [CP] Embed Pods Frameworks */,
			);
			buildRules = (
			);
			dependencies = (
			);
			name = "FlixPart1-37-Jiamin Shi";
			packageProductDependencies = (
				205D715427C973CA00294306 /* AlamofireImage */,
			);
			productName = "FlixPart1-37-Jiamin Shi";
			productReference = 205D711C27C94C8500294306 /* FlixPart1-37-Jiamin Shi.app */;
			productType = "com.apple.product-type.application";
		};
		205D713127C94C8700294306 /* FlixPart1-37-Jiamin ShiTests */ = {
			isa = PBXNativeTarget;
			buildConfigurationList = 205D714927C94C8700294306 /* Build configuration list for PBXNativeTarget "FlixPart1-37-Jiamin ShiTests" */;
			buildPhases = (
				A1126D1D469D81E24E46E7B1 /* [CP] Check Pods Manifest.lock */,
				205D712E27C94C8700294306 /* Sources */,
				205D712F27C94C8700294306 /* Frameworks */,
				205D713027C94C8700294306 /* Resources */,
			);
			buildRules = (
			);
			dependencies = (
				205D713427C94C8700294306 /* PBXTargetDependency */,
			);
			name = "FlixPart1-37-Jiamin ShiTests";
			productName = "FlixPart1-37-Jiamin ShiTests";
			productReference = 205D713227C94C8700294306 /* FlixPart1-37-Jiamin ShiTests.xctest */;
			productType = "com.apple.product-type.bundle.unit-test";
		};
		205D713B27C94C8700294306 /* FlixPart1-37-Jiamin ShiUITests */ = {
			isa = PBXNativeTarget;
			buildConfigurationList = 205D714C27C94C8700294306 /* Build configuration list for PBXNativeTarget "FlixPart1-37-Jiamin ShiUITests" */;
			buildPhases = (
				D2C3E81237DF7A23B22829D4 /* [CP] Check Pods Manifest.lock */,
				205D713827C94C8700294306 /* Sources */,
				205D713927C94C8700294306 /* Frameworks */,
				205D713A27C94C8700294306 /* Resources */,
				F72CA7855E415C27B54C1A6B /* [CP] Embed Pods Frameworks */,
			);
			buildRules = (
			);
			dependencies = (
				205D713E27C94C8700294306 /* PBXTargetDependency */,
			);
			name = "FlixPart1-37-Jiamin ShiUITests";
			productName = "FlixPart1-37-Jiamin ShiUITests";
			productReference = 205D713C27C94C8700294306 /* FlixPart1-37-Jiamin ShiUITests.xctest */;
			productType = "com.apple.product-type.bundle.ui-testing";
		};
/* End PBXNativeTarget section */

/* Begin PBXProject section */
		205D711427C94C8500294306 /* Project object */ = {
			isa = PBXProject;
			attributes = {
				BuildIndependentTargetsInParallel = 1;
				LastSwiftUpdateCheck = 1320;
				LastUpgradeCheck = 1320;
				TargetAttributes = {
					205D711B27C94C8500294306 = {
						CreatedOnToolsVersion = 13.2.1;
					};
					205D713127C94C8700294306 = {
						CreatedOnToolsVersion = 13.2.1;
						TestTargetID = 205D711B27C94C8500294306;
					};
					205D713B27C94C8700294306 = {
						CreatedOnToolsVersion = 13.2.1;
						TestTargetID = 205D711B27C94C8500294306;
					};
				};
			};
			buildConfigurationList = 205D711727C94C8500294306 /* Build configuration list for PBXProject "FlixPart1-37-Jiamin Shi" */;
			compatibilityVersion = "Xcode 13.0";
			developmentRegion = en;
			hasScannedForEncodings = 0;
			knownRegions = (
				en,
				Base,
			);
			mainGroup = 205D711327C94C8500294306;
			packageReferences = (
				205D715327C973CA00294306 /* XCRemoteSwiftPackageReference "AlamofireImage" */,
			);
			productRefGroup = 205D711D27C94C8500294306 /* Products */;
			projectDirPath = "";
			projectRoot = "";
			targets = (
				205D711B27C94C8500294306 /* FlixPart1-37-Jiamin Shi */,
				205D713127C94C8700294306 /* FlixPart1-37-Jiamin ShiTests */,
				205D713B27C94C8700294306 /* FlixPart1-37-Jiamin ShiUITests */,
			);
		};
/* End PBXProject section */

/* Begin PBXResourcesBuildPhase section */
		205D711A27C94C8500294306 /* Resources */ = {
			isa = PBXResourcesBuildPhase;
			buildActionMask = 2147483647;
			files = (
				205D712C27C94C8700294306 /* LaunchScreen.storyboard in Resources */,
				205D712927C94C8700294306 /* Assets.xcassets in Resources */,
				205D712727C94C8500294306 /* Main.storyboard in Resources */,
			);
			runOnlyForDeploymentPostprocessing = 0;
		};
		205D713027C94C8700294306 /* Resources */ = {
			isa = PBXResourcesBuildPhase;
			buildActionMask = 2147483647;
			files = (
			);
			runOnlyForDeploymentPostprocessing = 0;
		};
		205D713A27C94C8700294306 /* Resources */ = {
			isa = PBXResourcesBuildPhase;
			buildActionMask = 2147483647;
			files = (
			);
			runOnlyForDeploymentPostprocessing = 0;
		};
/* End PBXResourcesBuildPhase section */

/* Begin PBXShellScriptBuildPhase section */
		57D27335003564BA0D9C057D /* [CP] Check Pods Manifest.lock */ = {
			isa = PBXShellScriptBuildPhase;
			buildActionMask = 2147483647;
			files = (
			);
			inputFileListPaths = (
			);
			inputPaths = (
				"${PODS_PODFILE_DIR_PATH}/Podfile.lock",
				"${PODS_ROOT}/Manifest.lock",
			);
			name = "[CP] Check Pods Manifest.lock";
			outputFileListPaths = (
			);
			outputPaths = (
				"$(DERIVED_FILE_DIR)/Pods-FlixPart1-37-Jiamin Shi-checkManifestLockResult.txt",
			);
			runOnlyForDeploymentPostprocessing = 0;
			shellPath = /bin/sh;
			shellScript = "diff \"${PODS_PODFILE_DIR_PATH}/Podfile.lock\" \"${PODS_ROOT}/Manifest.lock\" > /dev/null\nif [ $? != 0 ] ; then\n    # print error to STDERR\n    echo \"error: The sandbox is not in sync with the Podfile.lock. Run 'pod install' or update your CocoaPods installation.\" >&2\n    exit 1\nfi\n# This output is used by Xcode 'outputs' to avoid re-running this script phase.\necho \"SUCCESS\" > \"${SCRIPT_OUTPUT_FILE_0}\"\n";
			showEnvVarsInLog = 0;
		};
		81372041A34BBB796BF0D5DB /* [CP] Embed Pods Frameworks */ = {
			isa = PBXShellScriptBuildPhase;
			buildActionMask = 2147483647;
			files = (
			);
			inputFileListPaths = (
				"${PODS_ROOT}/Target Support Files/Pods-FlixPart1-37-Jiamin Shi/Pods-FlixPart1-37-Jiamin Shi-frameworks-${CONFIGURATION}-input-files.xcfilelist",
			);
			name = "[CP] Embed Pods Frameworks";
			outputFileListPaths = (
				"${PODS_ROOT}/Target Support Files/Pods-FlixPart1-37-Jiamin Shi/Pods-FlixPart1-37-Jiamin Shi-frameworks-${CONFIGURATION}-output-files.xcfilelist",
			);
			runOnlyForDeploymentPostprocessing = 0;
			shellPath = /bin/sh;
			shellScript = "\"${PODS_ROOT}/Target Support Files/Pods-FlixPart1-37-Jiamin Shi/Pods-FlixPart1-37-Jiamin Shi-frameworks.sh\"\n";
			showEnvVarsInLog = 0;
		};
		A1126D1D469D81E24E46E7B1 /* [CP] Check Pods Manifest.lock */ = {
			isa = PBXShellScriptBuildPhase;
			buildActionMask = 2147483647;
			files = (
			);
			inputFileListPaths = (
			);
			inputPaths = (
				"${PODS_PODFILE_DIR_PATH}/Podfile.lock",
				"${PODS_ROOT}/Manifest.lock",
			);
			name = "[CP] Check Pods Manifest.lock";
			outputFileListPaths = (
			);
			outputPaths = (
				"$(DERIVED_FILE_DIR)/Pods-FlixPart1-37-Jiamin ShiTests-checkManifestLockResult.txt",
			);
			runOnlyForDeploymentPostprocessing = 0;
			shellPath = /bin/sh;
			shellScript = "diff \"${PODS_PODFILE_DIR_PATH}/Podfile.lock\" \"${PODS_ROOT}/Manifest.lock\" > /dev/null\nif [ $? != 0 ] ; then\n    # print error to STDERR\n    echo \"error: The sandbox is not in sync with the Podfile.lock. Run 'pod install' or update your CocoaPods installation.\" >&2\n    exit 1\nfi\n# This output is used by Xcode 'outputs' to avoid re-running this script phase.\necho \"SUCCESS\" > \"${SCRIPT_OUTPUT_FILE_0}\"\n";
			showEnvVarsInLog = 0;
		};
		D2C3E81237DF7A23B22829D4 /* [CP] Check Pods Manifest.lock */ = {
			isa = PBXShellScriptBuildPhase;
			buildActionMask = 2147483647;
			files = (
			);
			inputFileListPaths = (
			);
			inputPaths = (
				"${PODS_PODFILE_DIR_PATH}/Podfile.lock",
				"${PODS_ROOT}/Manifest.lock",
			);
			name = "[CP] Check Pods Manifest.lock";
			outputFileListPaths = (
			);
			outputPaths = (
				"$(DERIVED_FILE_DIR)/Pods-FlixPart1-37-Jiamin Shi-FlixPart1-37-Jiamin ShiUITests-checkManifestLockResult.txt",
			);
			runOnlyForDeploymentPostprocessing = 0;
			shellPath = /bin/sh;
			shellScript = "diff \"${PODS_PODFILE_DIR_PATH}/Podfile.lock\" \"${PODS_ROOT}/Manifest.lock\" > /dev/null\nif [ $? != 0 ] ; then\n    # print error to STDERR\n    echo \"error: The sandbox is not in sync with the Podfile.lock. Run 'pod install' or update your CocoaPods installation.\" >&2\n    exit 1\nfi\n# This output is used by Xcode 'outputs' to avoid re-running this script phase.\necho \"SUCCESS\" > \"${SCRIPT_OUTPUT_FILE_0}\"\n";
			showEnvVarsInLog = 0;
		};
		F72CA7855E415C27B54C1A6B /* [CP] Embed Pods Frameworks */ = {
			isa = PBXShellScriptBuildPhase;
			buildActionMask = 2147483647;
			files = (
			);
			inputFileListPaths = (
				"${PODS_ROOT}/Target Support Files/Pods-FlixPart1-37-Jiamin Shi-FlixPart1-37-Jiamin ShiUITests/Pods-FlixPart1-37-Jiamin Shi-FlixPart1-37-Jiamin ShiUITests-frameworks-${CONFIGURATION}-input-files.xcfilelist",
			);
			name = "[CP] Embed Pods Frameworks";
			outputFileListPaths = (
				"${PODS_ROOT}/Target Support Files/Pods-FlixPart1-37-Jiamin Shi-FlixPart1-37-Jiamin ShiUITests/Pods-FlixPart1-37-Jiamin Shi-FlixPart1-37-Jiamin ShiUITests-frameworks-${CONFIGURATION}-output-files.xcfilelist",
			);
			runOnlyForDeploymentPostprocessing = 0;
			shellPath = /bin/sh;
			shellScript = "\"${PODS_ROOT}/Target Support Files/Pods-FlixPart1-37-Jiamin Shi-FlixPart1-37-Jiamin ShiUITests/Pods-FlixPart1-37-Jiamin Shi-FlixPart1-37-Jiamin ShiUITests-frameworks.sh\"\n";
			showEnvVarsInLog = 0;
		};
/* End PBXShellScriptBuildPhase section */

/* Begin PBXSourcesBuildPhase section */
		205D711827C94C8500294306 /* Sources */ = {
			isa = PBXSourcesBuildPhase;
			buildActionMask = 2147483647;
			files = (
				205D712427C94C8500294306 /* ViewController.swift in Sources */,
				205D712027C94C8500294306 /* AppDelegate.swift in Sources */,
				205D715727D29E4400294306 /* MovieDetailsViewController.swift in Sources */,
				205D715927D2AD2C00294306 /* MovieGridViewController.swift in Sources */,
				205D715B27D2B68500294306 /* MovieGridCell.swift in Sources */,
				205D712227C94C8500294306 /* SceneDelegate.swift in Sources */,
				205D715227C96B7600294306 /* MovieCell.swift in Sources */,
				205D715027C95E9200294306 /* MoviesViewController.swift in Sources */,
			);
			runOnlyForDeploymentPostprocessing = 0;
		};
		205D712E27C94C8700294306 /* Sources */ = {
			isa = PBXSourcesBuildPhase;
			buildActionMask = 2147483647;
			files = (
				205D713727C94C8700294306 /* FlixPart1_37_Jiamin_ShiTests.swift in Sources */,
			);
			runOnlyForDeploymentPostprocessing = 0;
		};
		205D713827C94C8700294306 /* Sources */ = {
			isa = PBXSourcesBuildPhase;
			buildActionMask = 2147483647;
			files = (
				205D714127C94C8700294306 /* FlixPart1_37_Jiamin_ShiUITests.swift in Sources */,
				205D714327C94C8700294306 /* FlixPart1_37_Jiamin_ShiUITestsLaunchTests.swift in Sources */,
			);
			runOnlyForDeploymentPostprocessing = 0;
		};
/* End PBXSourcesBuildPhase section */

/* Begin PBXTargetDependency section */
		205D713427C94C8700294306 /* PBXTargetDependency */ = {
			isa = PBXTargetDependency;
			target = 205D711B27C94C8500294306 /* FlixPart1-37-Jiamin Shi */;
			targetProxy = 205D713327C94C8700294306 /* PBXContainerItemProxy */;
		};
		205D713E27C94C8700294306 /* PBXTargetDependency */ = {
			isa = PBXTargetDependency;
			target = 205D711B27C94C8500294306 /* FlixPart1-37-Jiamin Shi */;
			targetProxy = 205D713D27C94C8700294306 /* PBXContainerItemProxy */;
		};
/* End PBXTargetDependency section */

/* Begin PBXVariantGroup section */
		205D712527C94C8500294306 /* Main.storyboard */ = {
			isa = PBXVariantGroup;
			children = (
				205D712627C94C8500294306 /* Base */,
			);
			name = Main.storyboard;
			sourceTree = "<group>";
		};
		205D712A27C94C8700294306 /* LaunchScreen.storyboard */ = {
			isa = PBXVariantGroup;
			children = (
				205D712B27C94C8700294306 /* Base */,
			);
			name = LaunchScreen.storyboard;
			sourceTree = "<group>";
		};
/* End PBXVariantGroup section */

/* Begin XCBuildConfiguration section */
		205D714427C94C8700294306 /* Debug */ = {
			isa = XCBuildConfiguration;
			buildSettings = {
				ALWAYS_SEARCH_USER_PATHS = NO;
				CLANG_ANALYZER_NONNULL = YES;
				CLANG_ANALYZER_NUMBER_OBJECT_CONVERSION = YES_AGGRESSIVE;
				CLANG_CXX_LANGUAGE_STANDARD = "gnu++17";
				CLANG_CXX_LIBRARY = "libc++";
				CLANG_ENABLE_MODULES = YES;
				CLANG_ENABLE_OBJC_ARC = YES;
				CLANG_ENABLE_OBJC_WEAK = YES;
				CLANG_WARN_BLOCK_CAPTURE_AUTORELEASING = YES;
				CLANG_WARN_BOOL_CONVERSION = YES;
				CLANG_WARN_COMMA = YES;
				CLANG_WARN_CONSTANT_CONVERSION = YES;
				CLANG_WARN_DEPRECATED_OBJC_IMPLEMENTATIONS = YES;
				CLANG_WARN_DIRECT_OBJC_ISA_USAGE = YES_ERROR;
				CLANG_WARN_DOCUMENTATION_COMMENTS = YES;
				CLANG_WARN_EMPTY_BODY = YES;
				CLANG_WARN_ENUM_CONVERSION = YES;
				CLANG_WARN_INFINITE_RECURSION = YES;
				CLANG_WARN_INT_CONVERSION = YES;
				CLANG_WARN_NON_LITERAL_NULL_CONVERSION = YES;
				CLANG_WARN_OBJC_IMPLICIT_RETAIN_SELF = YES;
				CLANG_WARN_OBJC_LITERAL_CONVERSION = YES;
				CLANG_WARN_OBJC_ROOT_CLASS = YES_ERROR;
				CLANG_WARN_QUOTED_INCLUDE_IN_FRAMEWORK_HEADER = YES;
				CLANG_WARN_RANGE_LOOP_ANALYSIS = YES;
				CLANG_WARN_STRICT_PROTOTYPES = YES;
				CLANG_WARN_SUSPICIOUS_MOVE = YES;
				CLANG_WARN_UNGUARDED_AVAILABILITY = YES_AGGRESSIVE;
				CLANG_WARN_UNREACHABLE_CODE = YES;
				CLANG_WARN__DUPLICATE_METHOD_MATCH = YES;
				COPY_PHASE_STRIP = NO;
				DEBUG_INFORMATION_FORMAT = dwarf;
				ENABLE_STRICT_OBJC_MSGSEND = YES;
				ENABLE_TESTABILITY = YES;
				GCC_C_LANGUAGE_STANDARD = gnu11;
				GCC_DYNAMIC_NO_PIC = NO;
				GCC_NO_COMMON_BLOCKS = YES;
				GCC_OPTIMIZATION_LEVEL = 0;
				GCC_PREPROCESSOR_DEFINITIONS = (
					"DEBUG=1",
					"$(inherited)",
				);
				GCC_WARN_64_TO_32_BIT_CONVERSION = YES;
				GCC_WARN_ABOUT_RETURN_TYPE = YES_ERROR;
				GCC_WARN_UNDECLARED_SELECTOR = YES;
				GCC_WARN_UNINITIALIZED_AUTOS = YES_AGGRESSIVE;
				GCC_WARN_UNUSED_FUNCTION = YES;
				GCC_WARN_UNUSED_VARIABLE = YES;
				IPHONEOS_DEPLOYMENT_TARGET = 15.2;
				MTL_ENABLE_DEBUG_INFO = INCLUDE_SOURCE;
				MTL_FAST_MATH = YES;
				ONLY_ACTIVE_ARCH = YES;
				SDKROOT = iphoneos;
				SWIFT_ACTIVE_COMPILATION_CONDITIONS = DEBUG;
				SWIFT_OPTIMIZATION_LEVEL = "-Onone";
			};
			name = Debug;
		};
		205D714527C94C8700294306 /* Release */ = {
			isa = XCBuildConfiguration;
			buildSettings = {
				ALWAYS_SEARCH_USER_PATHS = NO;
				CLANG_ANALYZER_NONNULL = YES;
				CLANG_ANALYZER_NUMBER_OBJECT_CONVERSION = YES_AGGRESSIVE;
				CLANG_CXX_LANGUAGE_STANDARD = "gnu++17";
				CLANG_CXX_LIBRARY = "libc++";
				CLANG_ENABLE_MODULES = YES;
				CLANG_ENABLE_OBJC_ARC = YES;
				CLANG_ENABLE_OBJC_WEAK = YES;
				CLANG_WARN_BLOCK_CAPTURE_AUTORELEASING = YES;
				CLANG_WARN_BOOL_CONVERSION = YES;
				CLANG_WARN_COMMA = YES;
				CLANG_WARN_CONSTANT_CONVERSION = YES;
				CLANG_WARN_DEPRECATED_OBJC_IMPLEMENTATIONS = YES;
				CLANG_WARN_DIRECT_OBJC_ISA_USAGE = YES_ERROR;
				CLANG_WARN_DOCUMENTATION_COMMENTS = YES;
				CLANG_WARN_EMPTY_BODY = YES;
				CLANG_WARN_ENUM_CONVERSION = YES;
				CLANG_WARN_INFINITE_RECURSION = YES;
				CLANG_WARN_INT_CONVERSION = YES;
				CLANG_WARN_NON_LITERAL_NULL_CONVERSION = YES;
				CLANG_WARN_OBJC_IMPLICIT_RETAIN_SELF = YES;
				CLANG_WARN_OBJC_LITERAL_CONVERSION = YES;
				CLANG_WARN_OBJC_ROOT_CLASS = YES_ERROR;
				CLANG_WARN_QUOTED_INCLUDE_IN_FRAMEWORK_HEADER = YES;
				CLANG_WARN_RANGE_LOOP_ANALYSIS = YES;
				CLANG_WARN_STRICT_PROTOTYPES = YES;
				CLANG_WARN_SUSPICIOUS_MOVE = YES;
				CLANG_WARN_UNGUARDED_AVAILABILITY = YES_AGGRESSIVE;
				CLANG_WARN_UNREACHABLE_CODE = YES;
				CLANG_WARN__DUPLICATE_METHOD_MATCH = YES;
				COPY_PHASE_STRIP = NO;
				DEBUG_INFORMATION_FORMAT = "dwarf-with-dsym";
				ENABLE_NS_ASSERTIONS = NO;
				ENABLE_STRICT_OBJC_MSGSEND = YES;
				GCC_C_LANGUAGE_STANDARD = gnu11;
				GCC_NO_COMMON_BLOCKS = YES;
				GCC_WARN_64_TO_32_BIT_CONVERSION = YES;
				GCC_WARN_ABOUT_RETURN_TYPE = YES_ERROR;
				GCC_WARN_UNDECLARED_SELECTOR = YES;
				GCC_WARN_UNINITIALIZED_AUTOS = YES_AGGRESSIVE;
				GCC_WARN_UNUSED_FUNCTION = YES;
				GCC_WARN_UNUSED_VARIABLE = YES;
				IPHONEOS_DEPLOYMENT_TARGET = 15.2;
				MTL_ENABLE_DEBUG_INFO = NO;
				MTL_FAST_MATH = YES;
				SDKROOT = iphoneos;
				SWIFT_COMPILATION_MODE = wholemodule;
				SWIFT_OPTIMIZATION_LEVEL = "-O";
				VALIDATE_PRODUCT = YES;
			};
			name = Release;
		};
		205D714727C94C8700294306 /* Debug */ = {
			isa = XCBuildConfiguration;
			baseConfigurationReference = C3A8A7B981780A464D1B6941 /* Pods-FlixPart1-37-Jiamin Shi.debug.xcconfig */;
			buildSettings = {
				ASSETCATALOG_COMPILER_APPICON_NAME = AppIcon;
				ASSETCATALOG_COMPILER_GLOBAL_ACCENT_COLOR_NAME = AccentColor;
				CODE_SIGN_STYLE = Automatic;
				CURRENT_PROJECT_VERSION = 1;
				DEVELOPMENT_TEAM = JL8GC3XY4H;
				GENERATE_INFOPLIST_FILE = YES;
				INFOPLIST_FILE = "FlixPart1-37-Jiamin Shi/Info.plist";
				INFOPLIST_KEY_UIApplicationSupportsIndirectInputEvents = YES;
				INFOPLIST_KEY_UILaunchStoryboardName = LaunchScreen;
				INFOPLIST_KEY_UIMainStoryboardFile = Main;
				INFOPLIST_KEY_UISupportedInterfaceOrientations = "";
				INFOPLIST_KEY_UISupportedInterfaceOrientations_iPad = "UIInterfaceOrientationPortrait UIInterfaceOrientationPortraitUpsideDown UIInterfaceOrientationLandscapeLeft UIInterfaceOrientationLandscapeRight";
				INFOPLIST_KEY_UISupportedInterfaceOrientations_iPhone = "UIInterfaceOrientationPortrait UIInterfaceOrientationLandscapeLeft UIInterfaceOrientationLandscapeRight";
				LD_RUNPATH_SEARCH_PATHS = (
					"$(inherited)",
					"@executable_path/Frameworks",
				);
				MARKETING_VERSION = 1.0;
				PRODUCT_BUNDLE_IDENTIFIER = "com.codepath.FlixPart1-37-Jiamin-Shi";
				PRODUCT_NAME = "$(TARGET_NAME)";
				SWIFT_EMIT_LOC_STRINGS = YES;
				SWIFT_VERSION = 5.0;
				TARGETED_DEVICE_FAMILY = "1,2";
			};
			name = Debug;
		};
		205D714827C94C8700294306 /* Release */ = {
			isa = XCBuildConfiguration;
			baseConfigurationReference = 4C70216067F39B8E443C976C /* Pods-FlixPart1-37-Jiamin Shi.release.xcconfig */;
			buildSettings = {
				ASSETCATALOG_COMPILER_APPICON_NAME = AppIcon;
				ASSETCATALOG_COMPILER_GLOBAL_ACCENT_COLOR_NAME = AccentColor;
				CODE_SIGN_STYLE = Automatic;
				CURRENT_PROJECT_VERSION = 1;
				DEVELOPMENT_TEAM = JL8GC3XY4H;
				GENERATE_INFOPLIST_FILE = YES;
				INFOPLIST_FILE = "FlixPart1-37-Jiamin Shi/Info.plist";
				INFOPLIST_KEY_UIApplicationSupportsIndirectInputEvents = YES;
				INFOPLIST_KEY_UILaunchStoryboardName = LaunchScreen;
				INFOPLIST_KEY_UIMainStoryboardFile = Main;
				INFOPLIST_KEY_UISupportedInterfaceOrientations = "";
				INFOPLIST_KEY_UISupportedInterfaceOrientations_iPad = "UIInterfaceOrientationPortrait UIInterfaceOrientationPortraitUpsideDown UIInterfaceOrientationLandscapeLeft UIInterfaceOrientationLandscapeRight";
				INFOPLIST_KEY_UISupportedInterfaceOrientations_iPhone = "UIInterfaceOrientationPortrait UIInterfaceOrientationLandscapeLeft UIInterfaceOrientationLandscapeRight";
				LD_RUNPATH_SEARCH_PATHS = (
					"$(inherited)",
					"@executable_path/Frameworks",
				);
				MARKETING_VERSION = 1.0;
				PRODUCT_BUNDLE_IDENTIFIER = "com.codepath.FlixPart1-37-Jiamin-Shi";
				PRODUCT_NAME = "$(TARGET_NAME)";
				SWIFT_EMIT_LOC_STRINGS = YES;
				SWIFT_VERSION = 5.0;
				TARGETED_DEVICE_FAMILY = "1,2";
			};
			name = Release;
		};
		205D714A27C94C8700294306 /* Debug */ = {
			isa = XCBuildConfiguration;
			baseConfigurationReference = 00A14B9F4C4F3EE21A0BD790 /* Pods-FlixPart1-37-Jiamin ShiTests.debug.xcconfig */;
			buildSettings = {
				ALWAYS_EMBED_SWIFT_STANDARD_LIBRARIES = YES;
				BUNDLE_LOADER = "$(TEST_HOST)";
				CODE_SIGN_STYLE = Automatic;
				CURRENT_PROJECT_VERSION = 1;
				DEVELOPMENT_TEAM = JL8GC3XY4H;
				GENERATE_INFOPLIST_FILE = YES;
				IPHONEOS_DEPLOYMENT_TARGET = 15.2;
				MARKETING_VERSION = 1.0;
				PRODUCT_BUNDLE_IDENTIFIER = "com.codepath.FlixPart1-37-Jiamin-ShiTests";
				PRODUCT_NAME = "$(TARGET_NAME)";
				SWIFT_EMIT_LOC_STRINGS = NO;
				SWIFT_VERSION = 5.0;
				TARGETED_DEVICE_FAMILY = "1,2";
				TEST_HOST = "$(BUILT_PRODUCTS_DIR)/FlixPart1-37-Jiamin Shi.app/FlixPart1-37-Jiamin Shi";
			};
			name = Debug;
		};
		205D714B27C94C8700294306 /* Release */ = {
			isa = XCBuildConfiguration;
			baseConfigurationReference = A66EC7C1CC2BC747485A0398 /* Pods-FlixPart1-37-Jiamin ShiTests.release.xcconfig */;
			buildSettings = {
				ALWAYS_EMBED_SWIFT_STANDARD_LIBRARIES = YES;
				BUNDLE_LOADER = "$(TEST_HOST)";
				CODE_SIGN_STYLE = Automatic;
				CURRENT_PROJECT_VERSION = 1;
				DEVELOPMENT_TEAM = JL8GC3XY4H;
				GENERATE_INFOPLIST_FILE = YES;
				IPHONEOS_DEPLOYMENT_TARGET = 15.2;
				MARKETING_VERSION = 1.0;
				PRODUCT_BUNDLE_IDENTIFIER = "com.codepath.FlixPart1-37-Jiamin-ShiTests";
				PRODUCT_NAME = "$(TARGET_NAME)";
				SWIFT_EMIT_LOC_STRINGS = NO;
				SWIFT_VERSION = 5.0;
				TARGETED_DEVICE_FAMILY = "1,2";
				TEST_HOST = "$(BUILT_PRODUCTS_DIR)/FlixPart1-37-Jiamin Shi.app/FlixPart1-37-Jiamin Shi";
			};
			name = Release;
		};
		205D714D27C94C8700294306 /* Debug */ = {
			isa = XCBuildConfiguration;
			baseConfigurationReference = 319F38A2C49922F10DCE775F /* Pods-FlixPart1-37-Jiamin Shi-FlixPart1-37-Jiamin ShiUITests.debug.xcconfig */;
			buildSettings = {
				ALWAYS_EMBED_SWIFT_STANDARD_LIBRARIES = YES;
				CODE_SIGN_STYLE = Automatic;
				CURRENT_PROJECT_VERSION = 1;
				DEVELOPMENT_TEAM = JL8GC3XY4H;
				GENERATE_INFOPLIST_FILE = YES;
				MARKETING_VERSION = 1.0;
				PRODUCT_BUNDLE_IDENTIFIER = "com.codepath.FlixPart1-37-Jiamin-ShiUITests";
				PRODUCT_NAME = "$(TARGET_NAME)";
				SWIFT_EMIT_LOC_STRINGS = NO;
				SWIFT_VERSION = 5.0;
				TARGETED_DEVICE_FAMILY = "1,2";
				TEST_TARGET_NAME = "FlixPart1-37-Jiamin Shi";
			};
			name = Debug;
		};
		205D714E27C94C8700294306 /* Release */ = {
			isa = XCBuildConfiguration;
			baseConfigurationReference = 9E463A3C02E03F925F8D2A85 /* Pods-FlixPart1-37-Jiamin Shi-FlixPart1-37-Jiamin ShiUITests.release.xcconfig */;
			buildSettings = {
				ALWAYS_EMBED_SWIFT_STANDARD_LIBRARIES = YES;
				CODE_SIGN_STYLE = Automatic;
				CURRENT_PROJECT_VERSION = 1;
				DEVELOPMENT_TEAM = JL8GC3XY4H;
				GENERATE_INFOPLIST_FILE = YES;
				MARKETING_VERSION = 1.0;
				PRODUCT_BUNDLE_IDENTIFIER = "com.codepath.FlixPart1-37-Jiamin-ShiUITests";
				PRODUCT_NAME = "$(TARGET_NAME)";
				SWIFT_EMIT_LOC_STRINGS = NO;
				SWIFT_VERSION = 5.0;
				TARGETED_DEVICE_FAMILY = "1,2";
				TEST_TARGET_NAME = "FlixPart1-37-Jiamin Shi";
			};
			name = Release;
		};
/* End XCBuildConfiguration section */

/* Begin XCConfigurationList section */
		205D711727C94C8500294306 /* Build configuration list for PBXProject "FlixPart1-37-Jiamin Shi" */ = {
			isa = XCConfigurationList;
			buildConfigurations = (
				205D714427C94C8700294306 /* Debug */,
				205D714527C94C8700294306 /* Release */,
			);
			defaultConfigurationIsVisible = 0;
			defaultConfigurationName = Release;
		};
		205D714627C94C8700294306 /* Build configuration list for PBXNativeTarget "FlixPart1-37-Jiamin Shi" */ = {
			isa = XCConfigurationList;
			buildConfigurations = (
				205D714727C94C8700294306 /* Debug */,
				205D714827C94C8700294306 /* Release */,
			);
			defaultConfigurationIsVisible = 0;
			defaultConfigurationName = Release;
		};
		205D714927C94C8700294306 /* Build configuration list for PBXNativeTarget "FlixPart1-37-Jiamin ShiTests" */ = {
			isa = XCConfigurationList;
			buildConfigurations = (
				205D714A27C94C8700294306 /* Debug */,
				205D714B27C94C8700294306 /* Release */,
			);
			defaultConfigurationIsVisible = 0;
			defaultConfigurationName = Release;
		};
		205D714C27C94C8700294306 /* Build configuration list for PBXNativeTarget "FlixPart1-37-Jiamin ShiUITests" */ = {
			isa = XCConfigurationList;
			buildConfigurations = (
				205D714D27C94C8700294306 /* Debug */,
				205D714E27C94C8700294306 /* Release */,
			);
			defaultConfigurationIsVisible = 0;
			defaultConfigurationName = Release;
		};
/* End XCConfigurationList section */

/* Begin XCRemoteSwiftPackageReference section */
		205D715327C973CA00294306 /* XCRemoteSwiftPackageReference "AlamofireImage" */ = {
			isa = XCRemoteSwiftPackageReference;
			repositoryURL = "https://github.com/Alamofire/AlamofireImage";
			requirement = {
				kind = upToNextMajorVersion;
				minimumVersion = 4.0.0;
			};
		};
/* End XCRemoteSwiftPackageReference section */

/* Begin XCSwiftPackageProductDependency section */
		205D715427C973CA00294306 /* AlamofireImage */ = {
			isa = XCSwiftPackageProductDependency;
			package = 205D715327C973CA00294306 /* XCRemoteSwiftPackageReference "AlamofireImage" */;
			productName = AlamofireImage;
		};
/* End XCSwiftPackageProductDependency section */
	};
	rootObject = 205D711427C94C8500294306 /* Project object */;
}
